
Microsoft Visual Studio Solution File, Format Version 12.00
# Visual Studio Version 17
VisualStudioVersion = 17.2.32526.322
MinimumVisualStudioVersion = 10.0.40219.1
Project("{FAE04EC0-301F-11D3-BF4B-00C04F79EFBC}") = "Todo", "Todo.csproj", "{AAA15D37-5ADD-4E73-8796-D57695D83F0C}"
EndProject
Global
	GlobalSection(SolutionConfigurationPlatforms) = preSolution
		Debug|Any CPU = Debug|Any CPU
		Release|Any CPU = Release|Any CPU
	EndGlobalSection
	GlobalSection(ProjectConfigurationPlatforms) = postSolution
		{AAA15D37-5ADD-4E73-8796-D57695D83F0C}.Debug|Any CPU.ActiveCfg = Debug|Any CPU
		{AAA15D37-5ADD-4E73-8796-D57695D83F0C}.Debug|Any CPU.Build.0 = Debug|Any CPU
		{AAA15D37-5ADD-4E73-8796-D57695D83F0C}.Release|Any CPU.ActiveCfg = Release|Any CPU
		{AAA15D37-5ADD-4E73-8796-D57695D83F0C}.Release|Any CPU.Build.0 = Release|Any CPU
	EndGlobalSection
	GlobalSection(SolutionProperties) = preSolution
		HideSolutionNode = FALSE
	EndGlobalSection
	GlobalSection(ExtensibilityGlobals) = postSolution
		SolutionGuid = {B83FBFC6-9432-4DCA-B591-2AEA05FE9D17}
	EndGlobalSection
EndGlobal
